
Microsoft Visual Studio Solution File, Format Version 12.00
# Visual Studio Version 17
VisualStudioVersion = 17.3.32929.385
MinimumVisualStudioVersion = 10.0.40219.1
Project("{FAE04EC0-301F-11D3-BF4B-00C04F79EFBC}") = "Password Checker", "Password Checker\Password Checker.csproj", "{C11FB94E-DB29-4227-8F04-284A461518A7}"
EndProject
Global
	GlobalSection(SolutionConfigurationPlatforms) = preSolution
		Debug|Any CPU = Debug|Any CPU
		Release|Any CPU = Release|Any CPU
	EndGlobalSection
	GlobalSection(ProjectConfigurationPlatforms) = postSolution
		{C11FB94E-DB29-4227-8F04-284A461518A7}.Debug|Any CPU.ActiveCfg = Debug|Any CPU
		{C11FB94E-DB29-4227-8F04-284A461518A7}.Debug|Any CPU.Build.0 = Debug|Any CPU
		{C11FB94E-DB29-4227-8F04-284A461518A7}.Release|Any CPU.ActiveCfg = Release|Any CPU
		{C11FB94E-DB29-4227-8F04-284A461518A7}.Release|Any CPU.Build.0 = Release|Any CPU
	EndGlobalSection
	GlobalSection(SolutionProperties) = preSolution
		HideSolutionNode = FALSE
	EndGlobalSection
	GlobalSection(ExtensibilityGlobals) = postSolution
		SolutionGuid = {00F75C39-DAC4-42BB-9C42-466EE8FFBCF7}
	EndGlobalSection
EndGlobal
